{
    "_readme": [
        "This file locks the dependencies of your project to a known state",
        "Read more about it at https://getcomposer.org/doc/01-basic-usage.md#installing-dependencies",
        "This file is @generated automatically"
    ],
    "content-hash": "f8aab074e66e7c3389713894383eff44",
    "packages": [],
    "packages-dev": [
        {
            "name": "voral/version-increment",
            "version": "3.2.0",
            "source": {
                "type": "git",
                "url": "https://github.com/Voral/vs-version-incrementor.git",
                "reference": "914e209e5f0f7deedd7575d834328db6a6cf657f"
            },
            "dist": {
                "type": "zip",
                "url": "https://api.github.com/repos/Voral/vs-version-incrementor/zipball/914e209e5f0f7deedd7575d834328db6a6cf657f",
                "reference": "914e209e5f0f7deedd7575d834328db6a6cf657f",
                "shasum": ""
            },
            "require": {
                "php": ">=8.1"
            },
            "require-dev": {
                "friendsofphp/php-cs-fixer": "^3.66.0",
                "php-mock/php-mock-phpunit": "^2.10",
                "phpstan/phpstan": "^2.1",
                "phpstan/phpstan-phpunit": "^2.0",
                "phpunit/phpunit": "^10.5"
            },
            "bin": [
                "bin/vs-version-increment"
            ],
            "type": "library",
            "autoload": {
                "psr-4": {
                    "Vasoft\\VersionIncrement\\": "src/"
                }
            },
            "notification-url": "https://packagist.org/downloads/",
            "license": [
                "MIT"
            ],
            "authors": [
                {
                    "name": "Alexander Vorobyev",
                    "email": "voral.adm@gmail.com"
                }
            ],
            "description": "A tool for semantic versioning and changelog generation in Composer projects based on Git commits.",
            "homepage": "https://github.com/Voral/vs-version-incrementor",
            "keywords": [
                "PHP Library",
                "automated versioning",
                "automation tool",
                "changelog",
                "changelog formatting",
                "changelog generator",
                "commit analysis",
                "composer",
                "conventional commits",
                "dev tool",
                "git",
                "git integration",
                "php tool",
                "release management",
                "semantic versioning",
                "version control",
                "version increment",
                "version management"
            ],
            "support": {
                "issues": "https://github.com/Voral/vs-version-incrementor/issues",
                "source": "https://github.com/Voral/vs-version-incrementor"
            },
            "time": "2025-11-21T07:05:41+00:00"
        }
    ],
    "aliases": [],
    "minimum-stability": "stable",
    "stability-flags": {},
    "prefer-stable": false,
    "prefer-lowest": false,
    "platform": {},
    "platform-dev": {},
    "plugin-api-version": "2.9.0"
}
